// !$*UTF8*$!
{
	archiveVersion = 1;
	classes = {
	};
	objectVersion = 46;
	objects = {

/* Begin PBXBuildFile section */
		87368EA11DBF387B009A911D /* AppDelegate.swift in Sources */ = {isa = PBXBuildFile; fileRef = 87368EA01DBF387B009A911D /* AppDelegate.swift */; };
		87368EA31DBF387B009A911D /* ViewController.swift in Sources */ = {isa = PBXBuildFile; fileRef = 87368EA21DBF387B009A911D /* ViewController.swift */; };
		87368EA61DBF387B009A911D /* Main.storyboard in Resources */ = {isa = PBXBuildFile; fileRef = 87368EA41DBF387B009A911D /* Main.storyboard */; };
		87368EA81DBF387B009A911D /* Assets.xcassets in Resources */ = {isa = PBXBuildFile; fileRef = 87368EA71DBF387B009A911D /* Assets.xcassets */; };
		87368EAB1DBF387B009A911D /* LaunchScreen.storyboard in Resources */ = {isa = PBXBuildFile; fileRef = 87368EA91DBF387B009A911D /* LaunchScreen.storyboard */; };
/* End PBXBuildFile section */

/* Begin PBXFileReference section */
		87368E9D1DBF387B009A911D /* practice_3.app */ = {isa = PBXFileReference; explicitFileType = wrapper.application; includeInIndex = 0; path = practice_3.app; sourceTree = BUILT_PRODUCTS_DIR; };
		87368EA01DBF387B009A911D /* AppDelegate.swift */ = {isa = PBXFileReference; lastKnownFileType = sourcecode.swift; path = AppDelegate.swift; sourceTree = "<group>"; };
		87368EA21DBF387B009A911D /* ViewController.swift */ = {isa = PBXFileReference; lastKnownFileType = sourcecode.swift; path = ViewController.swift; sourceTree = "<group>"; };
		87368EA51DBF387B009A911D /* Base */ = {isa = PBXFileReference; lastKnownFileType = file.storyboard; name = Base; path = Base.lproj/Main.storyboard; sourceTree = "<group>"; };
		87368EA71DBF387B009A911D /* Assets.xcassets */ = {isa = PBXFileReference; lastKnownFileType = folder.assetcatalog; path = Assets.xcassets; sourceTree = "<group>"; };
		87368EAA1DBF387B009A911D /* Base */ = {isa = PBXFileReference; lastKnownFileType = file.storyboard; name = Base; path = Base.lproj/LaunchScreen.storyboard; sourceTree = "<group>"; };
		87368EAC1DBF387B009A911D /* Info.plist */ = {isa = PBXFileReference; lastKnownFileType = text.plist.xml; path = Info.plist; sourceTree = "<group>"; };
/* End PBXFileReference section */

/* Begin PBXFrameworksBuildPhase section */
		87368E9A1DBF387B009A911D /* Frameworks */ = {
			isa = PBXFrameworksBuildPhase;
			buildActionMask = 2147483647;
			files = (
			);
			runOnlyForDeploymentPostprocessing = 0;
		};
/* End PBXFrameworksBuildPhase section */

/* Begin PBXGroup section */
		87368E941DBF387B009A911D = {
			isa = PBXGroup;
			children = (
				87368E9F1DBF387B009A911D /* practice_3 */,
				87368E9E1DBF387B009A911D /* Products */,
			);
			sourceTree = "<group>";
		};
		87368E9E1DBF387B009A911D /* Products */ = {
			isa = PBXGroup;
			children = (
				87368E9D1DBF387B009A911D /* practice_3.app */,
			);
			name = Products;
			sourceTree = "<group>";
		};
		87368E9F1DBF387B009A911D /* practice_3 */ = {
			isa = PBXGroup;
			children = (
				87368EA01DBF387B009A911D /* AppDelegate.swift */,
				87368EA21DBF387B009A911D /* ViewController.swift */,
				87368EA41DBF387B009A911D /* Main.storyboard */,
				87368EA71DBF387B009A911D /* Assets.xcassets */,
				87368EA91DBF387B009A911D /* LaunchScreen.storyboard */,
				87368EAC1DBF387B009A911D /* Info.plist */,
			);
			path = practice_3;
			sourceTree = "<group>";
		};
/* End PBXGroup section */

/* Begin PBXNativeTarget section */
		87368E9C1DBF387B009A911D /* practice_3 */ = {
			isa = PBXNativeTarget;
			buildConfigurationList = 87368EAF1DBF387B009A911D /* Build configuration list for PBXNativeTarget "practice_3" */;
			buildPhases = (
				87368E991DBF387B009A911D /* Sources */,
				87368E9A1DBF387B009A911D /* Frameworks */,
				87368E9B1DBF387B009A911D /* Resources */,
			);
			buildRules = (
			);
			dependencies = (
			);
			name = practice_3;
			productName = practice_3;
			productReference = 87368E9D1DBF387B009A911D /* practice_3.app */;
			productType = "com.apple.product-type.application";
		};
/* End PBXNativeTarget section */

/* Begin PBXProject section */
		87368E951DBF387B009A911D /* Project object */ = {
			isa = PBXProject;
			attributes = {
				LastSwiftUpdateCheck = 0810;
				LastUpgradeCheck = 0810;
				ORGANIZATIONNAME = Tsaorick;
				TargetAttributes = {
					87368E9C1DBF387B009A911D = {
						CreatedOnToolsVersion = 8.1;
						DevelopmentTeam = QXDX3VL4US;
						ProvisioningStyle = Automatic;
					};
				};
			};
			buildConfigurationList = 87368E981DBF387B009A911D /* Build configuration list for PBXProject "practice_3" */;
			compatibilityVersion = "Xcode 3.2";
			developmentRegion = English;
			hasScannedForEncodings = 0;
			knownRegions = (
				en,
				Base,
			);
			mainGroup = 87368E941DBF387B009A911D;
			productRefGroup = 87368E9E1DBF387B009A911D /* Products */;
			projectDirPath = "";
			projectRoot = "";
			targets = (
				87368E9C1DBF387B009A911D /* practice_3 */,
			);
		};
/* End PBXProject section */

/* Begin PBXResourcesBuildPhase section */
		87368E9B1DBF387B009A911D /* Resources */ = {
			isa = PBXResourcesBuildPhase;
			buildActionMask = 2147483647;
			files = (
				87368EAB1DBF387B009A911D /* LaunchScreen.storyboard in Resources */,
				87368EA81DBF387B009A911D /* Assets.xcassets in Resources */,
				87368EA61DBF387B009A911D /* Main.storyboard in Resources */,
			);
			runOnlyForDeploymentPostprocessing = 0;
		};
/* End PBXResourcesBuildPhase section */

/* Begin PBXSourcesBuildPhase section */
		87368E991DBF387B009A911D /* Sources */ = {
			isa = PBXSourcesBuildPhase;
			buildActionMask = 2147483647;
			files = (
				87368EA31DBF387B009A911D /* ViewController.swift in Sources */,
				87368EA11DBF387B009A911D /* AppDelegate.swift in Sources */,
			);
			runOnlyForDeploymentPostprocessing = 0;
		};
/* End PBXSourcesBuildPhase section */

/* Begin PBXVariantGroup section */
		87368EA41DBF387B009A911D /* Main.storyboard */ = {
			isa = PBXVariantGroup;
			children = (
				87368EA51DBF387B009A911D /* Base */,
			);
			name = Main.storyboard;
			sourceTree = "<group>";
		};
		87368EA91DBF387B009A911D /* LaunchScreen.storyboard */ = {
			isa = PBXVariantGroup;
			children = (
				87368EAA1DBF387B009A911D /* Base */,
			);
			name = LaunchScreen.storyboard;
			sourceTree = "<group>";
		};
/* End PBXVariantGroup section */

/* Begin XCBuildConfiguration section */
		87368EAD1DBF387B009A911D /* Debug */ = {
			isa = XCBuildConfiguration;
			buildSettings = {
				ALWAYS_SEARCH_USER_PATHS = NO;
				CLANG_ANALYZER_NONNULL = YES;
				CLANG_CXX_LANGUAGE_STANDARD = "gnu++0x";
				CLANG_CXX_LIBRARY = "libc++";
				CLANG_ENABLE_MODULES = YES;
				CLANG_ENABLE_OBJC_ARC = YES;
				CLANG_WARN_BOOL_CONVERSION = YES;
				CLANG_WARN_CONSTANT_CONVERSION = YES;
				CLANG_WARN_DIRECT_OBJC_ISA_USAGE = YES_ERROR;
				CLANG_WARN_DOCUMENTATION_COMMENTS = YES;
				CLANG_WARN_EMPTY_BODY = YES;
				CLANG_WARN_ENUM_CONVERSION = YES;
				CLANG_WARN_INFINITE_RECURSION = YES;
				CLANG_WARN_INT_CONVERSION = YES;
				CLANG_WARN_OBJC_ROOT_CLASS = YES_ERROR;
				CLANG_WARN_SUSPICIOUS_MOVES = YES;
				CLANG_WARN_UNREACHABLE_CODE = YES;
				CLANG_WARN__DUPLICATE_METHOD_MATCH = YES;
				"CODE_SIGN_IDENTITY[sdk=iphoneos*]" = "iPhone Developer";
				COPY_PHASE_STRIP = NO;
				DEBUG_INFORMATION_FORMAT = dwarf;
				ENABLE_STRICT_OBJC_MSGSEND = YES;
				ENABLE_TESTABILITY = YES;
				GCC_C_LANGUAGE_STANDARD = gnu99;
				GCC_DYNAMIC_NO_PIC = NO;
				GCC_NO_COMMON_BLOCKS = YES;
				GCC_OPTIMIZATION_LEVEL = 0;
				GCC_PREPROCESSOR_DEFINITIONS = (
					"DEBUG=1",
					"$(inherited)",
				);
				GCC_WARN_64_TO_32_BIT_CONVERSION = YES;
				GCC_WARN_ABOUT_RETURN_TYPE = YES_ERROR;
				GCC_WARN_UNDECLARED_SELECTOR = YES;
				GCC_WARN_UNINITIALIZED_AUTOS = YES_AGGRESSIVE;
				GCC_WARN_UNUSED_FUNCTION = YES;
				GCC_WARN_UNUSED_VARIABLE = YES;
				IPHONEOS_DEPLOYMENT_TARGET = 10.1;
				MTL_ENABLE_DEBUG_INFO = YES;
				ONLY_ACTIVE_ARCH = YES;
				SDKROOT = iphoneos;
				SWIFT_ACTIVE_COMPILATION_CONDITIONS = DEBUG;
				SWIFT_OPTIMIZATION_LEVEL = "-Onone";
			};
			name = Debug;
		};
		87368EAE1DBF387B009A911D /* Release */ = {
			isa = XCBuildConfiguration;
			buildSettings = {
				ALWAYS_SEARCH_USER_PATHS = NO;
				CLANG_ANALYZER_NONNULL = YES;
				CLANG_CXX_LANGUAGE_STANDARD = "gnu++0x";
				CLANG_CXX_LIBRARY = "libc++";
				CLANG_ENABLE_MODULES = YES;
				CLANG_ENABLE_OBJC_ARC = YES;
				CLANG_WARN_BOOL_CONVERSION = YES;
				CLANG_WARN_CONSTANT_CONVERSION = YES;
				CLANG_WARN_DIRECT_OBJC_ISA_USAGE = YES_ERROR;
				CLANG_WARN_DOCUMENTATION_COMMENTS = YES;
				CLANG_WARN_EMPTY_BODY = YES;
				CLANG_WARN_ENUM_CONVERSION = YES;
				CLANG_WARN_INFINITE_RECURSION = YES;
				CLANG_WARN_INT_CONVERSION = YES;
				CLANG_WARN_OBJC_ROOT_CLASS = YES_ERROR;
				CLANG_WARN_SUSPICIOUS_MOVES = YES;
				CLANG_WARN_UNREACHABLE_CODE = YES;
				CLANG_WARN__DUPLICATE_METHOD_MATCH = YES;
				"CODE_SIGN_IDENTITY[sdk=iphoneos*]" = "iPhone Developer";
				COPY_PHASE_STRIP = NO;
				DEBUG_INFORMATION_FORMAT = "dwarf-with-dsym";
				ENABLE_NS_ASSERTIONS = NO;
				ENABLE_STRICT_OBJC_MSGSEND = YES;
				GCC_C_LANGUAGE_STANDARD = gnu99;
				GCC_NO_COMMON_BLOCKS = YES;
				GCC_WARN_64_TO_32_BIT_CONVERSION = YES;
				GCC_WARN_ABOUT_RETURN_TYPE = YES_ERROR;
				GCC_WARN_UNDECLARED_SELECTOR = YES;
				GCC_WARN_UNINITIALIZED_AUTOS = YES_AGGRESSIVE;
				GCC_WARN_UNUSED_FUNCTION = YES;
				GCC_WARN_UNUSED_VARIABLE = YES;
				IPHONEOS_DEPLOYMENT_TARGET = 10.1;
				MTL_ENABLE_DEBUG_INFO = NO;
				SDKROOT = iphoneos;
				SWIFT_OPTIMIZATION_LEVEL = "-Owholemodule";
				VALIDATE_PRODUCT = YES;
			};
			name = Release;
		};
		87368EB01DBF387B009A911D /* Debug */ = {
			isa = XCBuildConfiguration;
			buildSettings = {
				ASSETCATALOG_COMPILER_APPICON_NAME = AppIcon;
				DEVELOPMENT_TEAM = QXDX3VL4US;
				INFOPLIST_FILE = practice_3/Info.plist;
				LD_RUNPATH_SEARCH_PATHS = "$(inherited) @executable_path/Frameworks";
				PRODUCT_BUNDLE_IDENTIFIER = "com.Tsaorick.practice-3";
				PRODUCT_NAME = "$(TARGET_NAME)";
				SWIFT_VERSION = 3.0;
			};
			name = Debug;
		};
		87368EB11DBF387B009A911D /* Release */ = {
			isa = XCBuildConfiguration;
			buildSettings = {
				ASSETCATALOG_COMPILER_APPICON_NAME = AppIcon;
				DEVELOPMENT_TEAM = QXDX3VL4US;
				INFOPLIST_FILE = practice_3/Info.plist;
				LD_RUNPATH_SEARCH_PATHS = "$(inherited) @executable_path/Frameworks";
				PRODUCT_BUNDLE_IDENTIFIER = "com.Tsaorick.practice-3";
				PRODUCT_NAME = "$(TARGET_NAME)";
				SWIFT_VERSION = 3.0;
			};
			name = Release;
		};
/* End XCBuildConfiguration section */

/* Begin XCConfigurationList section */
		87368E981DBF387B009A911D /* Build configuration list for PBXProject "practice_3" */ = {
			isa = XCConfigurationList;
			buildConfigurations = (
				87368EAD1DBF387B009A911D /* Debug */,
				87368EAE1DBF387B009A911D /* Release */,
			);
			defaultConfigurationIsVisible = 0;
			defaultConfigurationName = Release;
		};
		87368EAF1DBF387B009A911D /* Build configuration list for PBXNativeTarget "practice_3" */ = {
			isa = XCConfigurationList;
			buildConfigurations = (
				87368EB01DBF387B009A911D /* Debug */,
				87368EB11DBF387B009A911D /* Release */,
			);
			defaultConfigurationIsVisible = 0;
		};
/* End XCConfigurationList section */
	};
	rootObject = 87368E951DBF387B009A911D /* Project object */;
}
